PODS:
  - Alamofire (5.0.2)
  - Toast-Swift (5.0.1)

DEPENDENCIES:
  - Alamofire
  - Toast-Swift

SPEC REPOS:
  https://github.com/cocoapods/specs.git:
    - Alamofire
    - Toast-Swift

SPEC CHECKSUMS:
  Alamofire: 3ba7a4db18b4f62c4a1c0e1cb39d7f3d52e10ada
  Toast-Swift: 9b6a70f28b3bf0b96c40d46c0c4b9d6639846711

PODFILE CHECKSUM: e615cb3d526a1c599cc59a5504d0fd8e2b4c5f94

COCOAPODS: 1.7.5
