// !$*UTF8*$!
{
	archiveVersion = 1;
	classes = {
	};
	objectVersion = 51;
	objects = {

/* Begin PBXBuildFile section */
		15BA5B9F8E994E0D08906B4A /* Pods_Medica.framework in Frameworks */ = {isa = PBXBuildFile; fileRef = 9CAF09415B459708D8CC1716 /* Pods_Medica.framework */; };
		E00A971E240EF2B10096900C /* AppDelegate.swift in Sources */ = {isa = PBXBuildFile; fileRef = E00A971D240EF2B10096900C /* AppDelegate.swift */; };
		E00A9725240EF2B20096900C /* Assets.xcassets in Resources */ = {isa = PBXBuildFile; fileRef = E00A9724240EF2B20096900C /* Assets.xcassets */; };
		E00A9728240EF2B20096900C /* LaunchScreen.storyboard in Resources */ = {isa = PBXBuildFile; fileRef = E00A9726240EF2B20096900C /* LaunchScreen.storyboard */; };
		E00A9735240EF3E70096900C /* IntroToLoginVC.swift in Sources */ = {isa = PBXBuildFile; fileRef = E00A9733240EF3E70096900C /* IntroToLoginVC.swift */; };
		E00A9736240EF3E70096900C /* IntroToLoginVC.xib in Resources */ = {isa = PBXBuildFile; fileRef = E00A9734240EF3E70096900C /* IntroToLoginVC.xib */; };
		E00A9738240EF5510096900C /* Media.xcassets in Resources */ = {isa = PBXBuildFile; fileRef = E00A9737240EF5510096900C /* Media.xcassets */; };
		E00A973D240EF6FC0096900C /* RoundedViews.swift in Sources */ = {isa = PBXBuildFile; fileRef = E00A973C240EF6FC0096900C /* RoundedViews.swift */; };
		E00A9744240F02620096900C /* LoginVC.swift in Sources */ = {isa = PBXBuildFile; fileRef = E00A9742240F02620096900C /* LoginVC.swift */; };
		E00A9745240F02620096900C /* LoginVC.xib in Resources */ = {isa = PBXBuildFile; fileRef = E00A9743240F02620096900C /* LoginVC.xib */; };
		E00A9748240F02DE0096900C /* Media.xcassets in Resources */ = {isa = PBXBuildFile; fileRef = E00A9747240F02DE0096900C /* Media.xcassets */; };
		E00A974B240F1CFD0096900C /* RegisterVC.swift in Sources */ = {isa = PBXBuildFile; fileRef = E00A9749240F1CFD0096900C /* RegisterVC.swift */; };
		E00A974C240F1CFD0096900C /* RegisterVC.xib in Resources */ = {isa = PBXBuildFile; fileRef = E00A974A240F1CFD0096900C /* RegisterVC.xib */; };
		E00A974E240F1D460096900C /* Media.xcassets in Resources */ = {isa = PBXBuildFile; fileRef = E00A974D240F1D460096900C /* Media.xcassets */; };
		E00A9750240F24BD0096900C /* Extension Button + TextField.swift in Sources */ = {isa = PBXBuildFile; fileRef = E00A974F240F24BD0096900C /* Extension Button + TextField.swift */; };
		E027EBB724106CDB00212B7E /* MyAnnotation.swift in Sources */ = {isa = PBXBuildFile; fileRef = E027EBB624106CDB00212B7E /* MyAnnotation.swift */; };
		E027EBBA24106E7A00212B7E /* MapKitVC.swift in Sources */ = {isa = PBXBuildFile; fileRef = E027EBB824106E7A00212B7E /* MapKitVC.swift */; };
		E027EBBB24106E7A00212B7E /* MapKitVC.xib in Resources */ = {isa = PBXBuildFile; fileRef = E027EBB924106E7A00212B7E /* MapKitVC.xib */; };
		E027EBBD24106EDC00212B7E /* MapKit.framework in Frameworks */ = {isa = PBXBuildFile; fileRef = E027EBBC24106EDC00212B7E /* MapKit.framework */; };
		E027EBC52410A82900212B7E /* DoctorDetailsVC.swift in Sources */ = {isa = PBXBuildFile; fileRef = E027EBC32410A82900212B7E /* DoctorDetailsVC.swift */; };
		E027EBC62410A82900212B7E /* DoctorDetailsVC.xib in Resources */ = {isa = PBXBuildFile; fileRef = E027EBC42410A82900212B7E /* DoctorDetailsVC.xib */; };
		E027EBCA2410BC9100212B7E /* Media.xcassets in Resources */ = {isa = PBXBuildFile; fileRef = E027EBC92410BC9100212B7E /* Media.xcassets */; };
		E0281A17240F7B060042C1A3 /* ApiUrl + Keys.swift in Sources */ = {isa = PBXBuildFile; fileRef = E0281A16240F7B060042C1A3 /* ApiUrl + Keys.swift */; };
		E0B563E22415C87E00C0B8A2 /* DoctorsModel.swift in Sources */ = {isa = PBXBuildFile; fileRef = E0B563E12415C87E00C0B8A2 /* DoctorsModel.swift */; };
		E0B563E42415C93100C0B8A2 /* doctors.list.json in Resources */ = {isa = PBXBuildFile; fileRef = E0B563E32415C93100C0B8A2 /* doctors.list.json */; };
		E0E6CCEB240F70BF00EF8F61 /* Reachability.swift in Sources */ = {isa = PBXBuildFile; fileRef = E0E6CCEA240F70BF00EF8F61 /* Reachability.swift */; };
		E0FBA1D5241156E800F50413 /* MapFactory.swift in Sources */ = {isa = PBXBuildFile; fileRef = E0FBA1D4241156E800F50413 /* MapFactory.swift */; };
		E0FBA1D924115A0500F50413 /* DoctorsListTableVC.swift in Sources */ = {isa = PBXBuildFile; fileRef = E0FBA1D724115A0500F50413 /* DoctorsListTableVC.swift */; };
		E0FBA1DA24115A0500F50413 /* DoctorsListTableVC.xib in Resources */ = {isa = PBXBuildFile; fileRef = E0FBA1D824115A0500F50413 /* DoctorsListTableVC.xib */; };
		E0FBA1DE24115D3D00F50413 /* DoctorsTableViewCell.swift in Sources */ = {isa = PBXBuildFile; fileRef = E0FBA1DC24115D3D00F50413 /* DoctorsTableViewCell.swift */; };
		E0FBA1DF24115D3D00F50413 /* DoctorsTableViewCell.xib in Resources */ = {isa = PBXBuildFile; fileRef = E0FBA1DD24115D3D00F50413 /* DoctorsTableViewCell.xib */; };
		E0FBA1E12411664800F50413 /* DoctorsFactoryView.swift in Sources */ = {isa = PBXBuildFile; fileRef = E0FBA1E02411664800F50413 /* DoctorsFactoryView.swift */; };
/* End PBXBuildFile section */

/* Begin PBXFileReference section */
		539F273B414EA6B423E25C78 /* Pods-Medica.debug.xcconfig */ = {isa = PBXFileReference; includeInIndex = 1; lastKnownFileType = text.xcconfig; name = "Pods-Medica.debug.xcconfig"; path = "Target Support Files/Pods-Medica/Pods-Medica.debug.xcconfig"; sourceTree = "<group>"; };
		73D5ED5E822AD255A19E8014 /* Pods-Medica.release.xcconfig */ = {isa = PBXFileReference; includeInIndex = 1; lastKnownFileType = text.xcconfig; name = "Pods-Medica.release.xcconfig"; path = "Target Support Files/Pods-Medica/Pods-Medica.release.xcconfig"; sourceTree = "<group>"; };
		9CAF09415B459708D8CC1716 /* Pods_Medica.framework */ = {isa = PBXFileReference; explicitFileType = wrapper.framework; includeInIndex = 0; path = Pods_Medica.framework; sourceTree = BUILT_PRODUCTS_DIR; };
		E00A971A240EF2B10096900C /* Medica.app */ = {isa = PBXFileReference; explicitFileType = wrapper.application; includeInIndex = 0; path = Medica.app; sourceTree = BUILT_PRODUCTS_DIR; };
		E00A971D240EF2B10096900C /* AppDelegate.swift */ = {isa = PBXFileReference; lastKnownFileType = sourcecode.swift; path = AppDelegate.swift; sourceTree = "<group>"; };
		E00A9724240EF2B20096900C /* Assets.xcassets */ = {isa = PBXFileReference; lastKnownFileType = folder.assetcatalog; path = Assets.xcassets; sourceTree = "<group>"; };
		E00A9727240EF2B20096900C /* Base */ = {isa = PBXFileReference; lastKnownFileType = file.storyboard; name = Base; path = Base.lproj/LaunchScreen.storyboard; sourceTree = "<group>"; };
		E00A9729240EF2B20096900C /* Info.plist */ = {isa = PBXFileReference; lastKnownFileType = text.plist.xml; path = Info.plist; sourceTree = "<group>"; };
		E00A9733240EF3E70096900C /* IntroToLoginVC.swift */ = {isa = PBXFileReference; lastKnownFileType = sourcecode.swift; path = IntroToLoginVC.swift; sourceTree = "<group>"; };
		E00A9734240EF3E70096900C /* IntroToLoginVC.xib */ = {isa = PBXFileReference; lastKnownFileType = file.xib; path = IntroToLoginVC.xib; sourceTree = "<group>"; };
		E00A9737240EF5510096900C /* Media.xcassets */ = {isa = PBXFileReference; lastKnownFileType = folder.assetcatalog; path = Media.xcassets; sourceTree = "<group>"; };
		E00A973C240EF6FC0096900C /* RoundedViews.swift */ = {isa = PBXFileReference; lastKnownFileType = sourcecode.swift; path = RoundedViews.swift; sourceTree = "<group>"; };
		E00A9742240F02620096900C /* LoginVC.swift */ = {isa = PBXFileReference; lastKnownFileType = sourcecode.swift; path = LoginVC.swift; sourceTree = "<group>"; };
		E00A9743240F02620096900C /* LoginVC.xib */ = {isa = PBXFileReference; lastKnownFileType = file.xib; path = LoginVC.xib; sourceTree = "<group>"; };
		E00A9747240F02DE0096900C /* Media.xcassets */ = {isa = PBXFileReference; lastKnownFileType = folder.assetcatalog; path = Media.xcassets; sourceTree = "<group>"; };
		E00A9749240F1CFD0096900C /* RegisterVC.swift */ = {isa = PBXFileReference; lastKnownFileType = sourcecode.swift; path = RegisterVC.swift; sourceTree = "<group>"; };
		E00A974A240F1CFD0096900C /* RegisterVC.xib */ = {isa = PBXFileReference; lastKnownFileType = file.xib; path = RegisterVC.xib; sourceTree = "<group>"; };
		E00A974D240F1D460096900C /* Media.xcassets */ = {isa = PBXFileReference; lastKnownFileType = folder.assetcatalog; path = Media.xcassets; sourceTree = "<group>"; };
		E00A974F240F24BD0096900C /* Extension Button + TextField.swift */ = {isa = PBXFileReference; lastKnownFileType = sourcecode.swift; path = "Extension Button + TextField.swift"; sourceTree = "<group>"; };
		E027EBB624106CDB00212B7E /* MyAnnotation.swift */ = {isa = PBXFileReference; lastKnownFileType = sourcecode.swift; path = MyAnnotation.swift; sourceTree = "<group>"; };
		E027EBB824106E7A00212B7E /* MapKitVC.swift */ = {isa = PBXFileReference; lastKnownFileType = sourcecode.swift; path = MapKitVC.swift; sourceTree = "<group>"; };
		E027EBB924106E7A00212B7E /* MapKitVC.xib */ = {isa = PBXFileReference; lastKnownFileType = file.xib; path = MapKitVC.xib; sourceTree = "<group>"; };
		E027EBBC24106EDC00212B7E /* MapKit.framework */ = {isa = PBXFileReference; lastKnownFileType = wrapper.framework; name = MapKit.framework; path = System/Library/Frameworks/MapKit.framework; sourceTree = SDKROOT; };
		E027EBC32410A82900212B7E /* DoctorDetailsVC.swift */ = {isa = PBXFileReference; lastKnownFileType = sourcecode.swift; path = DoctorDetailsVC.swift; sourceTree = "<group>"; };
		E027EBC42410A82900212B7E /* DoctorDetailsVC.xib */ = {isa = PBXFileReference; lastKnownFileType = file.xib; path = DoctorDetailsVC.xib; sourceTree = "<group>"; };
		E027EBC92410BC9100212B7E /* Media.xcassets */ = {isa = PBXFileReference; lastKnownFileType = folder.assetcatalog; path = Media.xcassets; sourceTree = "<group>"; };
		E0281A16240F7B060042C1A3 /* ApiUrl + Keys.swift */ = {isa = PBXFileReference; lastKnownFileType = sourcecode.swift; path = "ApiUrl + Keys.swift"; sourceTree = "<group>"; };
		E0B563E12415C87E00C0B8A2 /* DoctorsModel.swift */ = {isa = PBXFileReference; lastKnownFileType = sourcecode.swift; path = DoctorsModel.swift; sourceTree = "<group>"; };
		E0B563E32415C93100C0B8A2 /* doctors.list.json */ = {isa = PBXFileReference; fileEncoding = 4; lastKnownFileType = text.json; path = doctors.list.json; sourceTree = "<group>"; };
		E0E6CCEA240F70BF00EF8F61 /* Reachability.swift */ = {isa = PBXFileReference; fileEncoding = 4; lastKnownFileType = sourcecode.swift; path = Reachability.swift; sourceTree = "<group>"; };
		E0FBA1D4241156E800F50413 /* MapFactory.swift */ = {isa = PBXFileReference; lastKnownFileType = sourcecode.swift; path = MapFactory.swift; sourceTree = "<group>"; };
		E0FBA1D724115A0500F50413 /* DoctorsListTableVC.swift */ = {isa = PBXFileReference; lastKnownFileType = sourcecode.swift; path = DoctorsListTableVC.swift; sourceTree = "<group>"; };
		E0FBA1D824115A0500F50413 /* DoctorsListTableVC.xib */ = {isa = PBXFileReference; lastKnownFileType = file.xib; path = DoctorsListTableVC.xib; sourceTree = "<group>"; };
		E0FBA1DC24115D3D00F50413 /* DoctorsTableViewCell.swift */ = {isa = PBXFileReference; lastKnownFileType = sourcecode.swift; path = DoctorsTableViewCell.swift; sourceTree = "<group>"; };
		E0FBA1DD24115D3D00F50413 /* DoctorsTableViewCell.xib */ = {isa = PBXFileReference; lastKnownFileType = file.xib; path = DoctorsTableViewCell.xib; sourceTree = "<group>"; };
		E0FBA1E02411664800F50413 /* DoctorsFactoryView.swift */ = {isa = PBXFileReference; lastKnownFileType = sourcecode.swift; path = DoctorsFactoryView.swift; sourceTree = "<group>"; };
/* End PBXFileReference section */

/* Begin PBXFrameworksBuildPhase section */
		E00A9717240EF2B10096900C /* Frameworks */ = {
			isa = PBXFrameworksBuildPhase;
			buildActionMask = 2147483647;
			files = (
				E027EBBD24106EDC00212B7E /* MapKit.framework in Frameworks */,
				15BA5B9F8E994E0D08906B4A /* Pods_Medica.framework in Frameworks */,
			);
			runOnlyForDeploymentPostprocessing = 0;
		};
/* End PBXFrameworksBuildPhase section */

/* Begin PBXGroup section */
		E00A9711240EF2B10096900C = {
			isa = PBXGroup;
			children = (
				E00A971C240EF2B10096900C /* Medica */,
				E00A971B240EF2B10096900C /* Products */,
				F22742D1A7F74FF0B87DB6C6 /* Pods */,
				EDB4FAA431B32AF873B0589E /* Frameworks */,
			);
			sourceTree = "<group>";
		};
		E00A971B240EF2B10096900C /* Products */ = {
			isa = PBXGroup;
			children = (
				E00A971A240EF2B10096900C /* Medica.app */,
			);
			name = Products;
			sourceTree = "<group>";
		};
		E00A971C240EF2B10096900C /* Medica */ = {
			isa = PBXGroup;
			children = (
				E00A9739240EF6D50096900C /* Utils */,
				E00A972F240EF2BA0096900C /* Shared */,
				E00A9731240EF3220096900C /* Modules */,
			);
			path = Medica;
			sourceTree = "<group>";
		};
		E00A972F240EF2BA0096900C /* Shared */ = {
			isa = PBXGroup;
			children = (
				E00A9730240EF2CE0096900C /* Assets */,
			);
			path = Shared;
			sourceTree = "<group>";
		};
		E00A9730240EF2CE0096900C /* Assets */ = {
			isa = PBXGroup;
			children = (
				E00A971D240EF2B10096900C /* AppDelegate.swift */,
				E00A9724240EF2B20096900C /* Assets.xcassets */,
				E00A9726240EF2B20096900C /* LaunchScreen.storyboard */,
				E00A9729240EF2B20096900C /* Info.plist */,
				E0E6CCEA240F70BF00EF8F61 /* Reachability.swift */,
				E0281A16240F7B060042C1A3 /* ApiUrl + Keys.swift */,
			);
			path = Assets;
			sourceTree = "<group>";
		};
		E00A9731240EF3220096900C /* Modules */ = {
			isa = PBXGroup;
			children = (
				E0FBA1D6241159CF00F50413 /* DoctorsList */,
				E027EBC22410A7FA00212B7E /* DoctorDetails */,
				E027EBB524106CB000212B7E /* MapKit */,
				E00A9732240EF32C0096900C /* IntorToLogin */,
				E00A9741240F01E60096900C /* Login */,
				E00A9746240F02760096900C /* RegisterVC */,
			);
			path = Modules;
			sourceTree = "<group>";
		};
		E00A9732240EF32C0096900C /* IntorToLogin */ = {
			isa = PBXGroup;
			children = (
				E0209A552411716600E6AE69 /* Controller */,
				E00A9737240EF5510096900C /* Media.xcassets */,
			);
			path = IntorToLogin;
			sourceTree = "<group>";
		};
		E00A9739240EF6D50096900C /* Utils */ = {
			isa = PBXGroup;
			children = (
				E00A973C240EF6FC0096900C /* RoundedViews.swift */,
				E00A973E240EF9B80096900C /* Extentions */,
			);
			path = Utils;
			sourceTree = "<group>";
		};
		E00A973E240EF9B80096900C /* Extentions */ = {
			isa = PBXGroup;
			children = (
				E00A974F240F24BD0096900C /* Extension Button + TextField.swift */,
			);
			path = Extentions;
			sourceTree = "<group>";
		};
		E00A9741240F01E60096900C /* Login */ = {
			isa = PBXGroup;
			children = (
				E0209A562411717600E6AE69 /* Controller */,
				E00A9747240F02DE0096900C /* Media.xcassets */,
			);
			path = Login;
			sourceTree = "<group>";
		};
		E00A9746240F02760096900C /* RegisterVC */ = {
			isa = PBXGroup;
			children = (
				E0209A572411718500E6AE69 /* Controller */,
				E00A974D240F1D460096900C /* Media.xcassets */,
			);
			path = RegisterVC;
			sourceTree = "<group>";
		};
		E0209A522411710F00E6AE69 /* Factory */ = {
			isa = PBXGroup;
			children = (
				E0FBA1E02411664800F50413 /* DoctorsFactoryView.swift */,
			);
			path = Factory;
			sourceTree = "<group>";
		};
		E0209A532411711E00E6AE69 /* Controller */ = {
			isa = PBXGroup;
			children = (
				E0FBA1D724115A0500F50413 /* DoctorsListTableVC.swift */,
				E0FBA1D824115A0500F50413 /* DoctorsListTableVC.xib */,
			);
			path = Controller;
			sourceTree = "<group>";
		};
		E0209A542411714300E6AE69 /* Factory */ = {
			isa = PBXGroup;
			children = (
				E0FBA1D4241156E800F50413 /* MapFactory.swift */,
			);
			path = Factory;
			sourceTree = "<group>";
		};
		E0209A552411716600E6AE69 /* Controller */ = {
			isa = PBXGroup;
			children = (
				E00A9733240EF3E70096900C /* IntroToLoginVC.swift */,
				E00A9734240EF3E70096900C /* IntroToLoginVC.xib */,
			);
			path = Controller;
			sourceTree = "<group>";
		};
		E0209A562411717600E6AE69 /* Controller */ = {
			isa = PBXGroup;
			children = (
				E00A9742240F02620096900C /* LoginVC.swift */,
				E00A9743240F02620096900C /* LoginVC.xib */,
			);
			path = Controller;
			sourceTree = "<group>";
		};
		E0209A572411718500E6AE69 /* Controller */ = {
			isa = PBXGroup;
			children = (
				E00A9749240F1CFD0096900C /* RegisterVC.swift */,
				E00A974A240F1CFD0096900C /* RegisterVC.xib */,
			);
			path = Controller;
			sourceTree = "<group>";
		};
		E027EBB524106CB000212B7E /* MapKit */ = {
			isa = PBXGroup;
			children = (
				E027EBD22410D1EA00212B7E /* Model */,
				E0209A542411714300E6AE69 /* Factory */,
				E027EBD32410D1F600212B7E /* Controller */,
				E027EBC92410BC9100212B7E /* Media.xcassets */,
			);
			path = MapKit;
			sourceTree = "<group>";
		};
		E027EBC22410A7FA00212B7E /* DoctorDetails */ = {
			isa = PBXGroup;
			children = (
				E027EBC32410A82900212B7E /* DoctorDetailsVC.swift */,
				E027EBC42410A82900212B7E /* DoctorDetailsVC.xib */,
			);
			path = DoctorDetails;
			sourceTree = "<group>";
		};
		E027EBD22410D1EA00212B7E /* Model */ = {
			isa = PBXGroup;
			children = (
				E027EBB624106CDB00212B7E /* MyAnnotation.swift */,
				E0B563E12415C87E00C0B8A2 /* DoctorsModel.swift */,
				E0B563E32415C93100C0B8A2 /* doctors.list.json */,
			);
			path = Model;
			sourceTree = "<group>";
		};
		E027EBD32410D1F600212B7E /* Controller */ = {
			isa = PBXGroup;
			children = (
				E027EBB824106E7A00212B7E /* MapKitVC.swift */,
				E027EBB924106E7A00212B7E /* MapKitVC.xib */,
			);
			path = Controller;
			sourceTree = "<group>";
		};
		E0FBA1D6241159CF00F50413 /* DoctorsList */ = {
			isa = PBXGroup;
			children = (
				E0FBA1DB24115D1800F50413 /* View */,
				E0209A532411711E00E6AE69 /* Controller */,
				E0209A522411710F00E6AE69 /* Factory */,
			);
			path = DoctorsList;
			sourceTree = "<group>";
		};
		E0FBA1DB24115D1800F50413 /* View */ = {
			isa = PBXGroup;
			children = (
				E0FBA1DC24115D3D00F50413 /* DoctorsTableViewCell.swift */,
				E0FBA1DD24115D3D00F50413 /* DoctorsTableViewCell.xib */,
			);
			path = View;
			sourceTree = "<group>";
		};
		EDB4FAA431B32AF873B0589E /* Frameworks */ = {
			isa = PBXGroup;
			children = (
				E027EBBC24106EDC00212B7E /* MapKit.framework */,
				9CAF09415B459708D8CC1716 /* Pods_Medica.framework */,
			);
			name = Frameworks;
			sourceTree = "<group>";
		};
		F22742D1A7F74FF0B87DB6C6 /* Pods */ = {
			isa = PBXGroup;
			children = (
				539F273B414EA6B423E25C78 /* Pods-Medica.debug.xcconfig */,
				73D5ED5E822AD255A19E8014 /* Pods-Medica.release.xcconfig */,
			);
			path = Pods;
			sourceTree = "<group>";
		};
/* End PBXGroup section */

/* Begin PBXNativeTarget section */
		E00A9719240EF2B10096900C /* Medica */ = {
			isa = PBXNativeTarget;
			buildConfigurationList = E00A972C240EF2B20096900C /* Build configuration list for PBXNativeTarget "Medica" */;
			buildPhases = (
				BFDA441B2566A2D12791A475 /* [CP] Check Pods Manifest.lock */,
				E00A9716240EF2B10096900C /* Sources */,
				E00A9717240EF2B10096900C /* Frameworks */,
				E00A9718240EF2B10096900C /* Resources */,
				03BB5596CC849A844B2D8FFA /* [CP] Embed Pods Frameworks */,
				E9EF5F04172EC191CE904027 /* [CP] Copy Pods Resources */,
			);
			buildRules = (
			);
			dependencies = (
			);
			name = Medica;
			productName = Medica;
			productReference = E00A971A240EF2B10096900C /* Medica.app */;
			productType = "com.apple.product-type.application";
		};
/* End PBXNativeTarget section */

/* Begin PBXProject section */
		E00A9712240EF2B10096900C /* Project object */ = {
			isa = PBXProject;
			attributes = {
				LastSwiftUpdateCheck = 1020;
				LastUpgradeCheck = 1020;
				ORGANIZATIONNAME = Sherif;
				TargetAttributes = {
					E00A9719240EF2B10096900C = {
						CreatedOnToolsVersion = 10.2;
						LastSwiftMigration = 1020;
					};
				};
			};
			buildConfigurationList = E00A9715240EF2B10096900C /* Build configuration list for PBXProject "Medica" */;
			compatibilityVersion = "Xcode 9.3";
			developmentRegion = en;
			hasScannedForEncodings = 0;
			knownRegions = (
				en,
				Base,
			);
			mainGroup = E00A9711240EF2B10096900C;
			productRefGroup = E00A971B240EF2B10096900C /* Products */;
			projectDirPath = "";
			projectRoot = "";
			targets = (
				E00A9719240EF2B10096900C /* Medica */,
			);
		};
/* End PBXProject section */

/* Begin PBXResourcesBuildPhase section */
		E00A9718240EF2B10096900C /* Resources */ = {
			isa = PBXResourcesBuildPhase;
			buildActionMask = 2147483647;
			files = (
				E00A9745240F02620096900C /* LoginVC.xib in Resources */,
				E027EBBB24106E7A00212B7E /* MapKitVC.xib in Resources */,
				E0B563E42415C93100C0B8A2 /* doctors.list.json in Resources */,
				E00A9728240EF2B20096900C /* LaunchScreen.storyboard in Resources */,
				E00A974E240F1D460096900C /* Media.xcassets in Resources */,
				E027EBC62410A82900212B7E /* DoctorDetailsVC.xib in Resources */,
				E027EBCA2410BC9100212B7E /* Media.xcassets in Resources */,
				E00A9725240EF2B20096900C /* Assets.xcassets in Resources */,
				E0FBA1DF24115D3D00F50413 /* DoctorsTableViewCell.xib in Resources */,
				E0FBA1DA24115A0500F50413 /* DoctorsListTableVC.xib in Resources */,
				E00A9738240EF5510096900C /* Media.xcassets in Resources */,
				E00A974C240F1CFD0096900C /* RegisterVC.xib in Resources */,
				E00A9748240F02DE0096900C /* Media.xcassets in Resources */,
				E00A9736240EF3E70096900C /* IntroToLoginVC.xib in Resources */,
			);
			runOnlyForDeploymentPostprocessing = 0;
		};
/* End PBXResourcesBuildPhase section */

/* Begin PBXShellScriptBuildPhase section */
		03BB5596CC849A844B2D8FFA /* [CP] Embed Pods Frameworks */ = {
			isa = PBXShellScriptBuildPhase;
			buildActionMask = 2147483647;
			files = (
			);
			inputFileListPaths = (
				"${PODS_ROOT}/Target Support Files/Pods-Medica/Pods-Medica-frameworks-${CONFIGURATION}-input-files.xcfilelist",
			);
			name = "[CP] Embed Pods Frameworks";
			outputFileListPaths = (
				"${PODS_ROOT}/Target Support Files/Pods-Medica/Pods-Medica-frameworks-${CONFIGURATION}-output-files.xcfilelist",
			);
			runOnlyForDeploymentPostprocessing = 0;
			shellPath = /bin/sh;
			shellScript = "\"${PODS_ROOT}/Target Support Files/Pods-Medica/Pods-Medica-frameworks.sh\"\n";
			showEnvVarsInLog = 0;
		};
		BFDA441B2566A2D12791A475 /* [CP] Check Pods Manifest.lock */ = {
			isa = PBXShellScriptBuildPhase;
			buildActionMask = 2147483647;
			files = (
			);
			inputFileListPaths = (
			);
			inputPaths = (
				"${PODS_PODFILE_DIR_PATH}/Podfile.lock",
				"${PODS_ROOT}/Manifest.lock",
			);
			name = "[CP] Check Pods Manifest.lock";
			outputFileListPaths = (
			);
			outputPaths = (
				"$(DERIVED_FILE_DIR)/Pods-Medica-checkManifestLockResult.txt",
			);
			runOnlyForDeploymentPostprocessing = 0;
			shellPath = /bin/sh;
			shellScript = "diff \"${PODS_PODFILE_DIR_PATH}/Podfile.lock\" \"${PODS_ROOT}/Manifest.lock\" > /dev/null\nif [ $? != 0 ] ; then\n    # print error to STDERR\n    echo \"error: The sandbox is not in sync with the Podfile.lock. Run 'pod install' or update your CocoaPods installation.\" >&2\n    exit 1\nfi\n# This output is used by Xcode 'outputs' to avoid re-running this script phase.\necho \"SUCCESS\" > \"${SCRIPT_OUTPUT_FILE_0}\"\n";
			showEnvVarsInLog = 0;
		};
		E9EF5F04172EC191CE904027 /* [CP] Copy Pods Resources */ = {
			isa = PBXShellScriptBuildPhase;
			buildActionMask = 2147483647;
			files = (
			);
			inputFileListPaths = (
				"${PODS_ROOT}/Target Support Files/Pods-Medica/Pods-Medica-resources-${CONFIGURATION}-input-files.xcfilelist",
			);
			name = "[CP] Copy Pods Resources";
			outputFileListPaths = (
				"${PODS_ROOT}/Target Support Files/Pods-Medica/Pods-Medica-resources-${CONFIGURATION}-output-files.xcfilelist",
			);
			runOnlyForDeploymentPostprocessing = 0;
			shellPath = /bin/sh;
			shellScript = "\"${PODS_ROOT}/Target Support Files/Pods-Medica/Pods-Medica-resources.sh\"\n";
			showEnvVarsInLog = 0;
		};
/* End PBXShellScriptBuildPhase section */

/* Begin PBXSourcesBuildPhase section */
		E00A9716240EF2B10096900C /* Sources */ = {
			isa = PBXSourcesBuildPhase;
			buildActionMask = 2147483647;
			files = (
				E0FBA1D924115A0500F50413 /* DoctorsListTableVC.swift in Sources */,
				E027EBC52410A82900212B7E /* DoctorDetailsVC.swift in Sources */,
				E027EBBA24106E7A00212B7E /* MapKitVC.swift in Sources */,
				E0E6CCEB240F70BF00EF8F61 /* Reachability.swift in Sources */,
				E0FBA1E12411664800F50413 /* DoctorsFactoryView.swift in Sources */,
				E027EBB724106CDB00212B7E /* MyAnnotation.swift in Sources */,
				E00A973D240EF6FC0096900C /* RoundedViews.swift in Sources */,
				E0FBA1DE24115D3D00F50413 /* DoctorsTableViewCell.swift in Sources */,
				E00A9735240EF3E70096900C /* IntroToLoginVC.swift in Sources */,
				E00A9750240F24BD0096900C /* Extension Button + TextField.swift in Sources */,
				E0FBA1D5241156E800F50413 /* MapFactory.swift in Sources */,
				E0281A17240F7B060042C1A3 /* ApiUrl + Keys.swift in Sources */,
				E0B563E22415C87E00C0B8A2 /* DoctorsModel.swift in Sources */,
				E00A9744240F02620096900C /* LoginVC.swift in Sources */,
				E00A971E240EF2B10096900C /* AppDelegate.swift in Sources */,
				E00A974B240F1CFD0096900C /* RegisterVC.swift in Sources */,
			);
			runOnlyForDeploymentPostprocessing = 0;
		};
/* End PBXSourcesBuildPhase section */

/* Begin PBXVariantGroup section */
		E00A9726240EF2B20096900C /* LaunchScreen.storyboard */ = {
			isa = PBXVariantGroup;
			children = (
				E00A9727240EF2B20096900C /* Base */,
			);
			name = LaunchScreen.storyboard;
			sourceTree = "<group>";
		};
/* End PBXVariantGroup section */

/* Begin XCBuildConfiguration section */
		E00A972A240EF2B20096900C /* Debug */ = {
			isa = XCBuildConfiguration;
			buildSettings = {
				ALWAYS_SEARCH_USER_PATHS = NO;
				CLANG_ANALYZER_NONNULL = YES;
				CLANG_ANALYZER_NUMBER_OBJECT_CONVERSION = YES_AGGRESSIVE;
				CLANG_CXX_LANGUAGE_STANDARD = "gnu++14";
				CLANG_CXX_LIBRARY = "libc++";
				CLANG_ENABLE_MODULES = YES;
				CLANG_ENABLE_OBJC_ARC = YES;
				CLANG_ENABLE_OBJC_WEAK = YES;
				CLANG_WARN_BLOCK_CAPTURE_AUTORELEASING = YES;
				CLANG_WARN_BOOL_CONVERSION = YES;
				CLANG_WARN_COMMA = YES;
				CLANG_WARN_CONSTANT_CONVERSION = YES;
				CLANG_WARN_DEPRECATED_OBJC_IMPLEMENTATIONS = YES;
				CLANG_WARN_DIRECT_OBJC_ISA_USAGE = YES_ERROR;
				CLANG_WARN_DOCUMENTATION_COMMENTS = YES;
				CLANG_WARN_EMPTY_BODY = YES;
				CLANG_WARN_ENUM_CONVERSION = YES;
				CLANG_WARN_INFINITE_RECURSION = YES;
				CLANG_WARN_INT_CONVERSION = YES;
				CLANG_WARN_NON_LITERAL_NULL_CONVERSION = YES;
				CLANG_WARN_OBJC_IMPLICIT_RETAIN_SELF = YES;
				CLANG_WARN_OBJC_LITERAL_CONVERSION = YES;
				CLANG_WARN_OBJC_ROOT_CLASS = YES_ERROR;
				CLANG_WARN_RANGE_LOOP_ANALYSIS = YES;
				CLANG_WARN_STRICT_PROTOTYPES = YES;
				CLANG_WARN_SUSPICIOUS_MOVE = YES;
				CLANG_WARN_UNGUARDED_AVAILABILITY = YES_AGGRESSIVE;
				CLANG_WARN_UNREACHABLE_CODE = YES;
				CLANG_WARN__DUPLICATE_METHOD_MATCH = YES;
				CODE_SIGN_IDENTITY = "iPhone Developer";
				COPY_PHASE_STRIP = NO;
				DEBUG_INFORMATION_FORMAT = dwarf;
				ENABLE_STRICT_OBJC_MSGSEND = YES;
				ENABLE_TESTABILITY = YES;
				GCC_C_LANGUAGE_STANDARD = gnu11;
				GCC_DYNAMIC_NO_PIC = NO;
				GCC_NO_COMMON_BLOCKS = YES;
				GCC_OPTIMIZATION_LEVEL = 0;
				GCC_PREPROCESSOR_DEFINITIONS = (
					"DEBUG=1",
					"$(inherited)",
				);
				GCC_WARN_64_TO_32_BIT_CONVERSION = YES;
				GCC_WARN_ABOUT_RETURN_TYPE = YES_ERROR;
				GCC_WARN_UNDECLARED_SELECTOR = YES;
				GCC_WARN_UNINITIALIZED_AUTOS = YES_AGGRESSIVE;
				GCC_WARN_UNUSED_FUNCTION = YES;
				GCC_WARN_UNUSED_VARIABLE = YES;
				IPHONEOS_DEPLOYMENT_TARGET = 12.2;
				MTL_ENABLE_DEBUG_INFO = INCLUDE_SOURCE;
				MTL_FAST_MATH = YES;
				ONLY_ACTIVE_ARCH = YES;
				SDKROOT = iphoneos;
				SWIFT_ACTIVE_COMPILATION_CONDITIONS = DEBUG;
				SWIFT_OPTIMIZATION_LEVEL = "-Onone";
			};
			name = Debug;
		};
		E00A972B240EF2B20096900C /* Release */ = {
			isa = XCBuildConfiguration;
			buildSettings = {
				ALWAYS_SEARCH_USER_PATHS = NO;
				CLANG_ANALYZER_NONNULL = YES;
				CLANG_ANALYZER_NUMBER_OBJECT_CONVERSION = YES_AGGRESSIVE;
				CLANG_CXX_LANGUAGE_STANDARD = "gnu++14";
				CLANG_CXX_LIBRARY = "libc++";
				CLANG_ENABLE_MODULES = YES;
				CLANG_ENABLE_OBJC_ARC = YES;
				CLANG_ENABLE_OBJC_WEAK = YES;
				CLANG_WARN_BLOCK_CAPTURE_AUTORELEASING = YES;
				CLANG_WARN_BOOL_CONVERSION = YES;
				CLANG_WARN_COMMA = YES;
				CLANG_WARN_CONSTANT_CONVERSION = YES;
				CLANG_WARN_DEPRECATED_OBJC_IMPLEMENTATIONS = YES;
				CLANG_WARN_DIRECT_OBJC_ISA_USAGE = YES_ERROR;
				CLANG_WARN_DOCUMENTATION_COMMENTS = YES;
				CLANG_WARN_EMPTY_BODY = YES;
				CLANG_WARN_ENUM_CONVERSION = YES;
				CLANG_WARN_INFINITE_RECURSION = YES;
				CLANG_WARN_INT_CONVERSION = YES;
				CLANG_WARN_NON_LITERAL_NULL_CONVERSION = YES;
				CLANG_WARN_OBJC_IMPLICIT_RETAIN_SELF = YES;
				CLANG_WARN_OBJC_LITERAL_CONVERSION = YES;
				CLANG_WARN_OBJC_ROOT_CLASS = YES_ERROR;
				CLANG_WARN_RANGE_LOOP_ANALYSIS = YES;
				CLANG_WARN_STRICT_PROTOTYPES = YES;
				CLANG_WARN_SUSPICIOUS_MOVE = YES;
				CLANG_WARN_UNGUARDED_AVAILABILITY = YES_AGGRESSIVE;
				CLANG_WARN_UNREACHABLE_CODE = YES;
				CLANG_WARN__DUPLICATE_METHOD_MATCH = YES;
				CODE_SIGN_IDENTITY = "iPhone Developer";
				COPY_PHASE_STRIP = NO;
				DEBUG_INFORMATION_FORMAT = "dwarf-with-dsym";
				ENABLE_NS_ASSERTIONS = NO;
				ENABLE_STRICT_OBJC_MSGSEND = YES;
				GCC_C_LANGUAGE_STANDARD = gnu11;
				GCC_NO_COMMON_BLOCKS = YES;
				GCC_WARN_64_TO_32_BIT_CONVERSION = YES;
				GCC_WARN_ABOUT_RETURN_TYPE = YES_ERROR;
				GCC_WARN_UNDECLARED_SELECTOR = YES;
				GCC_WARN_UNINITIALIZED_AUTOS = YES_AGGRESSIVE;
				GCC_WARN_UNUSED_FUNCTION = YES;
				GCC_WARN_UNUSED_VARIABLE = YES;
				IPHONEOS_DEPLOYMENT_TARGET = 12.2;
				MTL_ENABLE_DEBUG_INFO = NO;
				MTL_FAST_MATH = YES;
				SDKROOT = iphoneos;
				SWIFT_COMPILATION_MODE = wholemodule;
				SWIFT_OPTIMIZATION_LEVEL = "-O";
				VALIDATE_PRODUCT = YES;
			};
			name = Release;
		};
		E00A972D240EF2B20096900C /* Debug */ = {
			isa = XCBuildConfiguration;
			baseConfigurationReference = 539F273B414EA6B423E25C78 /* Pods-Medica.debug.xcconfig */;
			buildSettings = {
				ASSETCATALOG_COMPILER_APPICON_NAME = AppIcon;
				CLANG_ENABLE_MODULES = YES;
				CODE_SIGN_STYLE = Automatic;
				DEVELOPMENT_TEAM = HWMH9QLTZW;
				INFOPLIST_FILE = Medica/Shared/Assets/Info.plist;
				LD_RUNPATH_SEARCH_PATHS = (
					"$(inherited)",
					"@executable_path/Frameworks",
				);
				PRODUCT_BUNDLE_IDENTIFIER = com.sherif.Medica;
				PRODUCT_NAME = "$(TARGET_NAME)";
				SWIFT_OBJC_BRIDGING_HEADER = "";
				SWIFT_OPTIMIZATION_LEVEL = "-Onone";
				SWIFT_VERSION = 5.0;
				TARGETED_DEVICE_FAMILY = "1,2";
			};
			name = Debug;
		};
		E00A972E240EF2B20096900C /* Release */ = {
			isa = XCBuildConfiguration;
			baseConfigurationReference = 73D5ED5E822AD255A19E8014 /* Pods-Medica.release.xcconfig */;
			buildSettings = {
				ASSETCATALOG_COMPILER_APPICON_NAME = AppIcon;
				CLANG_ENABLE_MODULES = YES;
				CODE_SIGN_STYLE = Automatic;
				DEVELOPMENT_TEAM = HWMH9QLTZW;
				INFOPLIST_FILE = Medica/Shared/Assets/Info.plist;
				LD_RUNPATH_SEARCH_PATHS = (
					"$(inherited)",
					"@executable_path/Frameworks",
				);
				PRODUCT_BUNDLE_IDENTIFIER = com.sherif.Medica;
				PRODUCT_NAME = "$(TARGET_NAME)";
				SWIFT_OBJC_BRIDGING_HEADER = "";
				SWIFT_VERSION = 5.0;
				TARGETED_DEVICE_FAMILY = "1,2";
			};
			name = Release;
		};
/* End XCBuildConfiguration section */

/* Begin XCConfigurationList section */
		E00A9715240EF2B10096900C /* Build configuration list for PBXProject "Medica" */ = {
			isa = XCConfigurationList;
			buildConfigurations = (
				E00A972A240EF2B20096900C /* Debug */,
				E00A972B240EF2B20096900C /* Release */,
			);
			defaultConfigurationIsVisible = 0;
			defaultConfigurationName = Release;
		};
		E00A972C240EF2B20096900C /* Build configuration list for PBXNativeTarget "Medica" */ = {
			isa = XCConfigurationList;
			buildConfigurations = (
				E00A972D240EF2B20096900C /* Debug */,
				E00A972E240EF2B20096900C /* Release */,
			);
			defaultConfigurationIsVisible = 0;
			defaultConfigurationName = Release;
		};
/* End XCConfigurationList section */
	};
	rootObject = E00A9712240EF2B10096900C /* Project object */;
}
